
Microsoft Visual Studio Solution File, Format Version 12.00
# Visual Studio Version 17
VisualStudioVersion = 17.8.34525.116
MinimumVisualStudioVersion = 10.0.40219.1
Project("{FAE04EC0-301F-11D3-BF4B-00C04F79EFBC}") = "WindowsFormsApp5", "WindowsFormsApp5\WindowsFormsApp5.csproj", "{1E983B72-627F-46D4-B002-1FBFA8F7846D}"
EndProject
Global
	GlobalSection(SolutionConfigurationPlatforms) = preSolution
		Debug|Any CPU = Debug|Any CPU
		Release|Any CPU = Release|Any CPU
	EndGlobalSection
	GlobalSection(ProjectConfigurationPlatforms) = postSolution
		{1E983B72-627F-46D4-B002-1FBFA8F7846D}.Debug|Any CPU.ActiveCfg = Debug|Any CPU
		{1E983B72-627F-46D4-B002-1FBFA8F7846D}.Debug|Any CPU.Build.0 = Debug|Any CPU
		{1E983B72-627F-46D4-B002-1FBFA8F7846D}.Release|Any CPU.ActiveCfg = Release|Any CPU
		{1E983B72-627F-46D4-B002-1FBFA8F7846D}.Release|Any CPU.Build.0 = Release|Any CPU
	EndGlobalSection
	GlobalSection(SolutionProperties) = preSolution
		HideSolutionNode = FALSE
	EndGlobalSection
	GlobalSection(ExtensibilityGlobals) = postSolution
		SolutionGuid = {A6043A45-3D30-4984-97C0-3B32394A306D}
	EndGlobalSection
EndGlobal
